PODS:
  - AdsRepo (0.1.0):
    - AdsRepo/Core (= 0.1.0)
  - AdsRepo/Core (0.1.0)
  - AdsRepo/Tests (0.1.0):
    - Nimble (= 10.0.0)
    - Quick (= 5.0.1)
  - Nimble (10.0.0)
  - Quick (5.0.1)

DEPENDENCIES:
  - AdsRepo (from `../`)
  - AdsRepo/Tests (from `../`)
  - Nimble
  - Quick

SPEC REPOS:
  trunk:
    - Nimble
    - Quick

EXTERNAL SOURCES:
  AdsRepo:
    :path: "../"

SPEC CHECKSUMS:
  AdsRepo: 93db08913a651a24b1ee0264eb16c55f47a0b124
  Nimble: 5316ef81a170ce87baf72dd961f22f89a602ff84
  Quick: 749aa754fd1e7d984f2000fe051e18a3a9809179

PODFILE CHECKSUM: a6cdc2f8d1b0722cf9c3c34d8ee9ae250e5ee858

COCOAPODS: 1.11.3
