PODS:
  - AdsRepo (0.3.0):
    - AdsRepo/Core (= 0.3.0)
  - AdsRepo/Core (0.3.0)
  - AdsRepo/GoogleMobileAds (0.3.0):
    - AdsRepo/Core
    - Google-Mobile-Ads-SDK (< 13.0.0, >= 12.6.0)
  - AdsRepo/GoogleMobileAds/Tests (0.3.0):
    - AdsRepo/Core
    - Google-Mobile-Ads-SDK (< 13.0.0, >= 12.6.0)
    - Nimble (= 10.0.0)
    - Quick (= 5.0.1)
  - AdsRepo/Tests (0.3.0):
    - Nimble (= 10.0.0)
    - Quick (= 5.0.1)
  - Google-Mobile-Ads-SDK (12.6.0):
    - GoogleUserMessagingPlatform (>= 1.1)
  - GoogleUserMessagingPlatform (3.1.0)
  - Nimble (10.0.0)
  - Quick (5.0.1)

DEPENDENCIES:
  - AdsRepo (from `../`)
  - AdsRepo/GoogleMobileAds (from `../`)
  - AdsRepo/GoogleMobileAds/Tests (from `../`)
  - AdsRepo/Tests (from `../`)
  - Google-Mobile-Ads-SDK (= 12.6.0)

SPEC REPOS:
  trunk:
    - Google-Mobile-Ads-SDK
    - GoogleUserMessagingPlatform
    - Nimble
    - Quick

EXTERNAL SOURCES:
  AdsRepo:
    :path: "../"

SPEC CHECKSUMS:
  AdsRepo: df1e971b48dd2258307894638099cb304e9db74d
  Google-Mobile-Ads-SDK: 198db3cfaaafdacf4ebfa273944c844792d483d1
  GoogleUserMessagingPlatform: befe603da6501006420c206222acd449bba45a9c
  Nimble: 5316ef81a170ce87baf72dd961f22f89a602ff84
  Quick: 749aa754fd1e7d984f2000fe051e18a3a9809179

PODFILE CHECKSUM: f8dd242e2de449e7540484fbb692c78debb97895

COCOAPODS: 1.16.2
